
Microsoft Visual Studio Solution File, Format Version 12.00
# Visual Studio Version 17
VisualStudioVersion = 17.14.37531.7 d17.14
MinimumVisualStudioVersion = 10.0.40219.1
Project("{888888A0-9F3D-457C-B088-3A5042F75D52}") = "Lab1A", "Lab1A\Lab1A.pyproj", "{35BCC176-EA0E-4B29-86B3-E43295954A48}"
EndProject
Global
	GlobalSection(SolutionConfigurationPlatforms) = preSolution
		Debug|Any CPU = Debug|Any CPU
		Release|Any CPU = Release|Any CPU
	EndGlobalSection
	GlobalSection(ProjectConfigurationPlatforms) = postSolution
		{35BCC176-EA0E-4B29-86B3-E43295954A48}.Debug|Any CPU.ActiveCfg = Debug|Any CPU
		{35BCC176-EA0E-4B29-86B3-E43295954A48}.Release|Any CPU.ActiveCfg = Release|Any CPU
	EndGlobalSection
	GlobalSection(SolutionProperties) = preSolution
		HideSolutionNode = FALSE
	EndGlobalSection
	GlobalSection(ExtensibilityGlobals) = postSolution
		SolutionGuid = {AD1F4ADA-7549-4B51-ACE2-95B7E75492F7}
	EndGlobalSection
EndGlobal
